
Microsoft Visual Studio Solution File, Format Version 12.00
# Visual Studio Version 17
VisualStudioVersion = 17.8.34330.188
MinimumVisualStudioVersion = 10.0.40219.1
Project("{FAE04EC0-301F-11D3-BF4B-00C04F79EFBC}") = "Integracao.SAP.SalesForce.Work", "Integracao.SAP.SalesForce\Integracao.SAP.SalesForce.Work.csproj", "{48F36763-93E5-463C-8791-BBD84200BA76}"
EndProject
Project("{FAE04EC0-301F-11D3-BF4B-00C04F79EFBC}") = "Integracao.SAP.SalesForce.Services", "Integracao.SAP.SalesForce.Services\Integracao.SAP.SalesForce.Services.csproj", "{22307A3B-1E25-4355-8C33-84DCE3F8E61A}"
EndProject
Project("{FAE04EC0-301F-11D3-BF4B-00C04F79EFBC}") = "Integracao.SAP.SalesForce.Domain", "Integracao.SAP.SalesForce.Domain\Integracao.SAP.SalesForce.Domain.csproj", "{2C309ED9-F178-41F9-878F-20FB686AF827}"
EndProject
Project("{FAE04EC0-301F-11D3-BF4B-00C04F79EFBC}") = "Integracao.SAP.SalesForce.Core", "Integracao.SAP.SalesForce.Core\Integracao.SAP.SalesForce.Core.csproj", "{40981220-5A68-4853-9DD4-A610E0E67495}"
EndProject
Project("{FAE04EC0-301F-11D3-BF4B-00C04F79EFBC}") = "Integracao.SAP.SalesForce.Infra", "Integracao.SAP.SalesForce.Infra\Integracao.SAP.SalesForce.Infra.csproj", "{B449030D-880C-424B-AEF2-2DA1655AF400}"
EndProject
Global
	GlobalSection(SolutionConfigurationPlatforms) = preSolution
		Debug|Any CPU = Debug|Any CPU
		Release|Any CPU = Release|Any CPU
	EndGlobalSection
	GlobalSection(ProjectConfigurationPlatforms) = postSolution
		{48F36763-93E5-463C-8791-BBD84200BA76}.Debug|Any CPU.ActiveCfg = Debug|Any CPU
		{48F36763-93E5-463C-8791-BBD84200BA76}.Debug|Any CPU.Build.0 = Debug|Any CPU
		{48F36763-93E5-463C-8791-BBD84200BA76}.Release|Any CPU.ActiveCfg = Release|Any CPU
		{48F36763-93E5-463C-8791-BBD84200BA76}.Release|Any CPU.Build.0 = Release|Any CPU
		{22307A3B-1E25-4355-8C33-84DCE3F8E61A}.Debug|Any CPU.ActiveCfg = Debug|Any CPU
		{22307A3B-1E25-4355-8C33-84DCE3F8E61A}.Debug|Any CPU.Build.0 = Debug|Any CPU
		{22307A3B-1E25-4355-8C33-84DCE3F8E61A}.Release|Any CPU.ActiveCfg = Release|Any CPU
		{22307A3B-1E25-4355-8C33-84DCE3F8E61A}.Release|Any CPU.Build.0 = Release|Any CPU
		{2C309ED9-F178-41F9-878F-20FB686AF827}.Debug|Any CPU.ActiveCfg = Debug|Any CPU
		{2C309ED9-F178-41F9-878F-20FB686AF827}.Debug|Any CPU.Build.0 = Debug|Any CPU
		{2C309ED9-F178-41F9-878F-20FB686AF827}.Release|Any CPU.ActiveCfg = Release|Any CPU
		{2C309ED9-F178-41F9-878F-20FB686AF827}.Release|Any CPU.Build.0 = Release|Any CPU
		{40981220-5A68-4853-9DD4-A610E0E67495}.Debug|Any CPU.ActiveCfg = Debug|Any CPU
		{40981220-5A68-4853-9DD4-A610E0E67495}.Debug|Any CPU.Build.0 = Debug|Any CPU
		{40981220-5A68-4853-9DD4-A610E0E67495}.Release|Any CPU.ActiveCfg = Release|Any CPU
		{40981220-5A68-4853-9DD4-A610E0E67495}.Release|Any CPU.Build.0 = Release|Any CPU
		{B449030D-880C-424B-AEF2-2DA1655AF400}.Debug|Any CPU.ActiveCfg = Debug|Any CPU
		{B449030D-880C-424B-AEF2-2DA1655AF400}.Debug|Any CPU.Build.0 = Debug|Any CPU
		{B449030D-880C-424B-AEF2-2DA1655AF400}.Release|Any CPU.ActiveCfg = Release|Any CPU
		{B449030D-880C-424B-AEF2-2DA1655AF400}.Release|Any CPU.Build.0 = Release|Any CPU
	EndGlobalSection
	GlobalSection(SolutionProperties) = preSolution
		HideSolutionNode = FALSE
	EndGlobalSection
	GlobalSection(ExtensibilityGlobals) = postSolution
		SolutionGuid = {F2E571B3-E836-4A8B-ABD7-BF55FDFCFD47}
	EndGlobalSection
EndGlobal
